
Microsoft Visual Studio Solution File, Format Version 12.00
# Visual Studio Version 17
VisualStudioVersion = 17.0.31903.59
MinimumVisualStudioVersion = 10.0.40219.1
Project("{2150E333-8FDC-42A3-9474-1A3956D46DE8}") = "src", "src", "{ADB0EF4C-7284-4C43-84FA-ED7733C5BFB2}"
EndProject
Project("{FAE04EC0-301F-11D3-BF4B-00C04F79EFBC}") = "Sistema.WebApi", "src\Sistema.WebApi\Sistema.WebApi.csproj", "{29E8DDAB-E00C-429F-A60B-D81B50C333AD}"
EndProject
Global
	GlobalSection(SolutionConfigurationPlatforms) = preSolution
		Debug|Any CPU = Debug|Any CPU
		Release|Any CPU = Release|Any CPU
	EndGlobalSection
	GlobalSection(SolutionProperties) = preSolution
		HideSolutionNode = FALSE
	EndGlobalSection
	GlobalSection(ProjectConfigurationPlatforms) = postSolution
		{29E8DDAB-E00C-429F-A60B-D81B50C333AD}.Debug|Any CPU.ActiveCfg = Debug|Any CPU
		{29E8DDAB-E00C-429F-A60B-D81B50C333AD}.Debug|Any CPU.Build.0 = Debug|Any CPU
		{29E8DDAB-E00C-429F-A60B-D81B50C333AD}.Release|Any CPU.ActiveCfg = Release|Any CPU
		{29E8DDAB-E00C-429F-A60B-D81B50C333AD}.Release|Any CPU.Build.0 = Release|Any CPU
	EndGlobalSection
	GlobalSection(NestedProjects) = preSolution
		{29E8DDAB-E00C-429F-A60B-D81B50C333AD} = {ADB0EF4C-7284-4C43-84FA-ED7733C5BFB2}
	EndGlobalSection
EndGlobal
